
Microsoft Visual Studio Solution File, Format Version 12.00
# Visual Studio Version 16
VisualStudioVersion = 16.0.30014.187
MinimumVisualStudioVersion = 15.0.26124.0
Project("{9A19103F-16F7-4668-BE54-9A1E7A4F7556}") = "NotificationCalendar", "NotificationCalendar\NotificationCalendar.csproj", "{48072A38-FF5F-499E-891E-DE0482D16D78}"
EndProject
Project("{9A19103F-16F7-4668-BE54-9A1E7A4F7556}") = "NotificationCalendar.Core", "NotificationCalendar.Core\NotificationCalendar.Core.csproj", "{E1E375E0-CE84-43A4-A61C-EFB63EEE6A34}"
EndProject
Project("{9A19103F-16F7-4668-BE54-9A1E7A4F7556}") = "NotificationCalendar.Domain", "NotificationCalendar.domain\NotificationCalendar.Domain.csproj", "{407CA9AE-45EC-4F21-891F-588ACEA46A06}"
EndProject
Project("{9A19103F-16F7-4668-BE54-9A1E7A4F7556}") = "NotificationCalendar.Service", "NotificationCalendar.Service\NotificationCalendar.Service.csproj", "{F969B14E-52DB-4DAF-BC15-04B6BCA0AF72}"
EndProject
Project("{9A19103F-16F7-4668-BE54-9A1E7A4F7556}") = "NotificationCalendarTests", "NotificationCalendarTests\NotificationCalendarTests.csproj", "{27D23C73-ED97-4A6C-9FF3-978674C343C4}"
EndProject
Project("{9A19103F-16F7-4668-BE54-9A1E7A4F7556}") = "NotificationCalendar.Data.SqlServer", "NotificationCalendar.Data.SqlServer\NotificationCalendar.Data.SqlServer.csproj", "{826C9EB6-68A2-4FD9-B920-9390A97089CF}"
EndProject
Project("{9A19103F-16F7-4668-BE54-9A1E7A4F7556}") = "NotificationCalendar.Repository", "NotificationCalendar.Repository\NotificationCalendar.Repository.csproj", "{9B05EDCE-496B-492B-BB59-2C8B9E442681}"
EndProject
Project("{9A19103F-16F7-4668-BE54-9A1E7A4F7556}") = "NotificationCalendar.Data.PostgreSQL", "NotificationCalendar.Data.PostgreSQL\NotificationCalendar.Data.PostgreSQL.csproj", "{E400025B-783C-49B1-A2FF-817F3B227681}"
EndProject
Project("{2150E333-8FDC-42A3-9474-1A3956D46DE8}") = "DbProviders", "DbProviders", "{70848F9E-B1E4-41D5-9863-B6100874D72A}"
EndProject
Project("{2150E333-8FDC-42A3-9474-1A3956D46DE8}") = "src", "src", "{28590FD0-B3E2-4C95-8083-CCCB4156ADA4}"
EndProject
Project("{2150E333-8FDC-42A3-9474-1A3956D46DE8}") = "tests", "tests", "{366AE273-B520-4A7B-9432-5844CCCCDB8C}"
EndProject
Project("{2150E333-8FDC-42A3-9474-1A3956D46DE8}") = "UnitTesting", "UnitTesting", "{7C95B181-34F7-4D00-B39A-61D59FD3A1C3}"
EndProject
Global
	GlobalSection(SolutionConfigurationPlatforms) = preSolution
		Debug|Any CPU = Debug|Any CPU
		Debug|x64 = Debug|x64
		Debug|x86 = Debug|x86
		Release|Any CPU = Release|Any CPU
		Release|x64 = Release|x64
		Release|x86 = Release|x86
	EndGlobalSection
	GlobalSection(ProjectConfigurationPlatforms) = postSolution
		{48072A38-FF5F-499E-891E-DE0482D16D78}.Debug|Any CPU.ActiveCfg = Debug|Any CPU
		{48072A38-FF5F-499E-891E-DE0482D16D78}.Debug|Any CPU.Build.0 = Debug|Any CPU
		{48072A38-FF5F-499E-891E-DE0482D16D78}.Debug|x64.ActiveCfg = Debug|Any CPU
		{48072A38-FF5F-499E-891E-DE0482D16D78}.Debug|x64.Build.0 = Debug|Any CPU
		{48072A38-FF5F-499E-891E-DE0482D16D78}.Debug|x86.ActiveCfg = Debug|Any CPU
		{48072A38-FF5F-499E-891E-DE0482D16D78}.Debug|x86.Build.0 = Debug|Any CPU
		{48072A38-FF5F-499E-891E-DE0482D16D78}.Release|Any CPU.ActiveCfg = Release|Any CPU
		{48072A38-FF5F-499E-891E-DE0482D16D78}.Release|Any CPU.Build.0 = Release|Any CPU
		{48072A38-FF5F-499E-891E-DE0482D16D78}.Release|x64.ActiveCfg = Release|Any CPU
		{48072A38-FF5F-499E-891E-DE0482D16D78}.Release|x64.Build.0 = Release|Any CPU
		{48072A38-FF5F-499E-891E-DE0482D16D78}.Release|x86.ActiveCfg = Release|Any CPU
		{48072A38-FF5F-499E-891E-DE0482D16D78}.Release|x86.Build.0 = Release|Any CPU
		{E1E375E0-CE84-43A4-A61C-EFB63EEE6A34}.Debug|Any CPU.ActiveCfg = Debug|Any CPU
		{E1E375E0-CE84-43A4-A61C-EFB63EEE6A34}.Debug|Any CPU.Build.0 = Debug|Any CPU
		{E1E375E0-CE84-43A4-A61C-EFB63EEE6A34}.Debug|x64.ActiveCfg = Debug|Any CPU
		{E1E375E0-CE84-43A4-A61C-EFB63EEE6A34}.Debug|x64.Build.0 = Debug|Any CPU
		{E1E375E0-CE84-43A4-A61C-EFB63EEE6A34}.Debug|x86.ActiveCfg = Debug|Any CPU
		{E1E375E0-CE84-43A4-A61C-EFB63EEE6A34}.Debug|x86.Build.0 = Debug|Any CPU
		{E1E375E0-CE84-43A4-A61C-EFB63EEE6A34}.Release|Any CPU.ActiveCfg = Release|Any CPU
		{E1E375E0-CE84-43A4-A61C-EFB63EEE6A34}.Release|Any CPU.Build.0 = Release|Any CPU
		{E1E375E0-CE84-43A4-A61C-EFB63EEE6A34}.Release|x64.ActiveCfg = Release|Any CPU
		{E1E375E0-CE84-43A4-A61C-EFB63EEE6A34}.Release|x64.Build.0 = Release|Any CPU
		{E1E375E0-CE84-43A4-A61C-EFB63EEE6A34}.Release|x86.ActiveCfg = Release|Any CPU
		{E1E375E0-CE84-43A4-A61C-EFB63EEE6A34}.Release|x86.Build.0 = Release|Any CPU
		{407CA9AE-45EC-4F21-891F-588ACEA46A06}.Debug|Any CPU.ActiveCfg = Debug|Any CPU
		{407CA9AE-45EC-4F21-891F-588ACEA46A06}.Debug|Any CPU.Build.0 = Debug|Any CPU
		{407CA9AE-45EC-4F21-891F-588ACEA46A06}.Debug|x64.ActiveCfg = Debug|Any CPU
		{407CA9AE-45EC-4F21-891F-588ACEA46A06}.Debug|x64.Build.0 = Debug|Any CPU
		{407CA9AE-45EC-4F21-891F-588ACEA46A06}.Debug|x86.ActiveCfg = Debug|Any CPU
		{407CA9AE-45EC-4F21-891F-588ACEA46A06}.Debug|x86.Build.0 = Debug|Any CPU
		{407CA9AE-45EC-4F21-891F-588ACEA46A06}.Release|Any CPU.ActiveCfg = Release|Any CPU
		{407CA9AE-45EC-4F21-891F-588ACEA46A06}.Release|Any CPU.Build.0 = Release|Any CPU
		{407CA9AE-45EC-4F21-891F-588ACEA46A06}.Release|x64.ActiveCfg = Release|Any CPU
		{407CA9AE-45EC-4F21-891F-588ACEA46A06}.Release|x64.Build.0 = Release|Any CPU
		{407CA9AE-45EC-4F21-891F-588ACEA46A06}.Release|x86.ActiveCfg = Release|Any CPU
		{407CA9AE-45EC-4F21-891F-588ACEA46A06}.Release|x86.Build.0 = Release|Any CPU
		{F969B14E-52DB-4DAF-BC15-04B6BCA0AF72}.Debug|Any CPU.ActiveCfg = Debug|Any CPU
		{F969B14E-52DB-4DAF-BC15-04B6BCA0AF72}.Debug|Any CPU.Build.0 = Debug|Any CPU
		{F969B14E-52DB-4DAF-BC15-04B6BCA0AF72}.Debug|x64.ActiveCfg = Debug|Any CPU
		{F969B14E-52DB-4DAF-BC15-04B6BCA0AF72}.Debug|x64.Build.0 = Debug|Any CPU
		{F969B14E-52DB-4DAF-BC15-04B6BCA0AF72}.Debug|x86.ActiveCfg = Debug|Any CPU
		{F969B14E-52DB-4DAF-BC15-04B6BCA0AF72}.Debug|x86.Build.0 = Debug|Any CPU
		{F969B14E-52DB-4DAF-BC15-04B6BCA0AF72}.Release|Any CPU.ActiveCfg = Release|Any CPU
		{F969B14E-52DB-4DAF-BC15-04B6BCA0AF72}.Release|Any CPU.Build.0 = Release|Any CPU
		{F969B14E-52DB-4DAF-BC15-04B6BCA0AF72}.Release|x64.ActiveCfg = Release|Any CPU
		{F969B14E-52DB-4DAF-BC15-04B6BCA0AF72}.Release|x64.Build.0 = Release|Any CPU
		{F969B14E-52DB-4DAF-BC15-04B6BCA0AF72}.Release|x86.ActiveCfg = Release|Any CPU
		{F969B14E-52DB-4DAF-BC15-04B6BCA0AF72}.Release|x86.Build.0 = Release|Any CPU
		{27D23C73-ED97-4A6C-9FF3-978674C343C4}.Debug|Any CPU.ActiveCfg = Debug|Any CPU
		{27D23C73-ED97-4A6C-9FF3-978674C343C4}.Debug|Any CPU.Build.0 = Debug|Any CPU
		{27D23C73-ED97-4A6C-9FF3-978674C343C4}.Debug|x64.ActiveCfg = Debug|Any CPU
		{27D23C73-ED97-4A6C-9FF3-978674C343C4}.Debug|x64.Build.0 = Debug|Any CPU
		{27D23C73-ED97-4A6C-9FF3-978674C343C4}.Debug|x86.ActiveCfg = Debug|Any CPU
		{27D23C73-ED97-4A6C-9FF3-978674C343C4}.Debug|x86.Build.0 = Debug|Any CPU
		{27D23C73-ED97-4A6C-9FF3-978674C343C4}.Release|Any CPU.ActiveCfg = Release|Any CPU
		{27D23C73-ED97-4A6C-9FF3-978674C343C4}.Release|Any CPU.Build.0 = Release|Any CPU
		{27D23C73-ED97-4A6C-9FF3-978674C343C4}.Release|x64.ActiveCfg = Release|Any CPU
		{27D23C73-ED97-4A6C-9FF3-978674C343C4}.Release|x64.Build.0 = Release|Any CPU
		{27D23C73-ED97-4A6C-9FF3-978674C343C4}.Release|x86.ActiveCfg = Release|Any CPU
		{27D23C73-ED97-4A6C-9FF3-978674C343C4}.Release|x86.Build.0 = Release|Any CPU
		{826C9EB6-68A2-4FD9-B920-9390A97089CF}.Debug|Any CPU.ActiveCfg = Debug|Any CPU
		{826C9EB6-68A2-4FD9-B920-9390A97089CF}.Debug|Any CPU.Build.0 = Debug|Any CPU
		{826C9EB6-68A2-4FD9-B920-9390A97089CF}.Debug|x64.ActiveCfg = Debug|Any CPU
		{826C9EB6-68A2-4FD9-B920-9390A97089CF}.Debug|x64.Build.0 = Debug|Any CPU
		{826C9EB6-68A2-4FD9-B920-9390A97089CF}.Debug|x86.ActiveCfg = Debug|Any CPU
		{826C9EB6-68A2-4FD9-B920-9390A97089CF}.Debug|x86.Build.0 = Debug|Any CPU
		{826C9EB6-68A2-4FD9-B920-9390A97089CF}.Release|Any CPU.ActiveCfg = Release|Any CPU
		{826C9EB6-68A2-4FD9-B920-9390A97089CF}.Release|Any CPU.Build.0 = Release|Any CPU
		{826C9EB6-68A2-4FD9-B920-9390A97089CF}.Release|x64.ActiveCfg = Release|Any CPU
		{826C9EB6-68A2-4FD9-B920-9390A97089CF}.Release|x64.Build.0 = Release|Any CPU
		{826C9EB6-68A2-4FD9-B920-9390A97089CF}.Release|x86.ActiveCfg = Release|Any CPU
		{826C9EB6-68A2-4FD9-B920-9390A97089CF}.Release|x86.Build.0 = Release|Any CPU
		{9B05EDCE-496B-492B-BB59-2C8B9E442681}.Debug|Any CPU.ActiveCfg = Debug|Any CPU
		{9B05EDCE-496B-492B-BB59-2C8B9E442681}.Debug|Any CPU.Build.0 = Debug|Any CPU
		{9B05EDCE-496B-492B-BB59-2C8B9E442681}.Debug|x64.ActiveCfg = Debug|Any CPU
		{9B05EDCE-496B-492B-BB59-2C8B9E442681}.Debug|x64.Build.0 = Debug|Any CPU
		{9B05EDCE-496B-492B-BB59-2C8B9E442681}.Debug|x86.ActiveCfg = Debug|Any CPU
		{9B05EDCE-496B-492B-BB59-2C8B9E442681}.Debug|x86.Build.0 = Debug|Any CPU
		{9B05EDCE-496B-492B-BB59-2C8B9E442681}.Release|Any CPU.ActiveCfg = Release|Any CPU
		{9B05EDCE-496B-492B-BB59-2C8B9E442681}.Release|Any CPU.Build.0 = Release|Any CPU
		{9B05EDCE-496B-492B-BB59-2C8B9E442681}.Release|x64.ActiveCfg = Release|Any CPU
		{9B05EDCE-496B-492B-BB59-2C8B9E442681}.Release|x64.Build.0 = Release|Any CPU
		{9B05EDCE-496B-492B-BB59-2C8B9E442681}.Release|x86.ActiveCfg = Release|Any CPU
		{9B05EDCE-496B-492B-BB59-2C8B9E442681}.Release|x86.Build.0 = Release|Any CPU
		{E400025B-783C-49B1-A2FF-817F3B227681}.Debug|Any CPU.ActiveCfg = Debug|Any CPU
		{E400025B-783C-49B1-A2FF-817F3B227681}.Debug|Any CPU.Build.0 = Debug|Any CPU
		{E400025B-783C-49B1-A2FF-817F3B227681}.Debug|x64.ActiveCfg = Debug|Any CPU
		{E400025B-783C-49B1-A2FF-817F3B227681}.Debug|x64.Build.0 = Debug|Any CPU
		{E400025B-783C-49B1-A2FF-817F3B227681}.Debug|x86.ActiveCfg = Debug|Any CPU
		{E400025B-783C-49B1-A2FF-817F3B227681}.Debug|x86.Build.0 = Debug|Any CPU
		{E400025B-783C-49B1-A2FF-817F3B227681}.Release|Any CPU.ActiveCfg = Release|Any CPU
		{E400025B-783C-49B1-A2FF-817F3B227681}.Release|Any CPU.Build.0 = Release|Any CPU
		{E400025B-783C-49B1-A2FF-817F3B227681}.Release|x64.ActiveCfg = Release|Any CPU
		{E400025B-783C-49B1-A2FF-817F3B227681}.Release|x64.Build.0 = Release|Any CPU
		{E400025B-783C-49B1-A2FF-817F3B227681}.Release|x86.ActiveCfg = Release|Any CPU
		{E400025B-783C-49B1-A2FF-817F3B227681}.Release|x86.Build.0 = Release|Any CPU
	EndGlobalSection
	GlobalSection(SolutionProperties) = preSolution
		HideSolutionNode = FALSE
	EndGlobalSection
	GlobalSection(NestedProjects) = preSolution
		{48072A38-FF5F-499E-891E-DE0482D16D78} = {28590FD0-B3E2-4C95-8083-CCCB4156ADA4}
		{E1E375E0-CE84-43A4-A61C-EFB63EEE6A34} = {28590FD0-B3E2-4C95-8083-CCCB4156ADA4}
		{407CA9AE-45EC-4F21-891F-588ACEA46A06} = {28590FD0-B3E2-4C95-8083-CCCB4156ADA4}
		{F969B14E-52DB-4DAF-BC15-04B6BCA0AF72} = {28590FD0-B3E2-4C95-8083-CCCB4156ADA4}
		{27D23C73-ED97-4A6C-9FF3-978674C343C4} = {7C95B181-34F7-4D00-B39A-61D59FD3A1C3}
		{826C9EB6-68A2-4FD9-B920-9390A97089CF} = {70848F9E-B1E4-41D5-9863-B6100874D72A}
		{9B05EDCE-496B-492B-BB59-2C8B9E442681} = {28590FD0-B3E2-4C95-8083-CCCB4156ADA4}
		{E400025B-783C-49B1-A2FF-817F3B227681} = {70848F9E-B1E4-41D5-9863-B6100874D72A}
		{70848F9E-B1E4-41D5-9863-B6100874D72A} = {28590FD0-B3E2-4C95-8083-CCCB4156ADA4}
		{7C95B181-34F7-4D00-B39A-61D59FD3A1C3} = {366AE273-B520-4A7B-9432-5844CCCCDB8C}
	EndGlobalSection
	GlobalSection(ExtensibilityGlobals) = postSolution
		SolutionGuid = {2801595D-C197-46CB-8F1A-6F08C76EAFDE}
	EndGlobalSection
EndGlobal
